Microsoft Visual Studio Solution File, Format Version 11.00
# Visual Studio 2008

Project("{3D611AD2-F31A-DF45-E5FB-04B6878FEA8D}") = "LotteyApp", "Assembly-CSharp-vs.csproj", "{CED8BC99-CFD5-ABD1-5B1E-E9559B4E3C9B}"
EndProject
Project("{3D611AD2-F31A-DF45-E5FB-04B6878FEA8D}") = "LotteyApp", "Assembly-CSharp-Editor-vs.csproj", "{83495C2E-A440-9A3D-6B43-B96DB9E2DECC}"
EndProject
Global
	GlobalSection(SolutionConfigurationPlatforms) = preSolution
		Debug|Any CPU = Debug|Any CPU
		Release|Any CPU = Release|Any CPU
	EndGlobalSection
	GlobalSection(ProjectConfigurationPlatforms) = postSolution
		{CED8BC99-CFD5-ABD1-5B1E-E9559B4E3C9B}.Debug|Any CPU.ActiveCfg = Debug|Any CPU
		{CED8BC99-CFD5-ABD1-5B1E-E9559B4E3C9B}.Debug|Any CPU.Build.0 = Debug|Any CPU
		{CED8BC99-CFD5-ABD1-5B1E-E9559B4E3C9B}.Release|Any CPU.ActiveCfg = Release|Any CPU
		{CED8BC99-CFD5-ABD1-5B1E-E9559B4E3C9B}.Release|Any CPU.Build.0 = Release|Any CPU
		{83495C2E-A440-9A3D-6B43-B96DB9E2DECC}.Debug|Any CPU.ActiveCfg = Debug|Any CPU
		{83495C2E-A440-9A3D-6B43-B96DB9E2DECC}.Debug|Any CPU.Build.0 = Debug|Any CPU
		{83495C2E-A440-9A3D-6B43-B96DB9E2DECC}.Release|Any CPU.ActiveCfg = Release|Any CPU
		{83495C2E-A440-9A3D-6B43-B96DB9E2DECC}.Release|Any CPU.Build.0 = Release|Any CPU
	EndGlobalSection
	GlobalSection(SolutionProperties) = preSolution
		HideSolutionNode = FALSE
	EndGlobalSection
						GlobalSection(MonoDevelopProperties) = preSolution
		StartupItem = Assembly-CSharp.csproj
		Policies = $0
		$0.TextStylePolicy = $1
		$1.inheritsSet = null
		$1.scope = text/x-csharp
		$0.CSharpFormattingPolicy = $2
		$2.inheritsSet = Mono
		$2.inheritsScope = text/x-csharp
		$2.scope = text/x-csharp
		$0.TextStylePolicy = $3
		$3.FileWidth = 120
		$3.TabWidth = 4
		$3.EolMarker = Unix
		$3.inheritsSet = Mono
		$3.inheritsScope = text/plain
		$3.scope = text/plain
	EndGlobalSection

EndGlobal
